
Microsoft Visual Studio Solution File, Format Version 12.00
# Visual Studio Version 17
VisualStudioVersion = 17.3.32811.315
MinimumVisualStudioVersion = 10.0.40219.1
Project("{9A19103F-16F7-4668-BE54-9A1E7A4F7556}") = "DSRemapper.Core", "DSRemapper.Core\DSRemapper.Core.csproj", "{0FB26A07-816A-4F1B-B905-14CE71148566}"
EndProject
Project("{9A19103F-16F7-4668-BE54-9A1E7A4F7556}") = "DSRemapper.DSInput", "DSRemapper.DSInput\DSRemapper.DSInput.csproj", "{A2EA0B39-0951-482F-9BEF-615FF17F0191}"
EndProject
Project("{9A19103F-16F7-4668-BE54-9A1E7A4F7556}") = "DSRemapper.DSOutput", "DSRemapper.DSOutput\DSRemapper.DSOutput.csproj", "{39956A3B-3F4A-4E3A-B677-F47EEB255818}"
EndProject
Project("{9A19103F-16F7-4668-BE54-9A1E7A4F7556}") = "DSRemapper.DualShock", "DSRemapper.DualShock\DSRemapper.DualShock.csproj", "{26FC5DA6-51EA-44A6-BEF0-8BFBE2A74DEF}"
EndProject
Project("{9A19103F-16F7-4668-BE54-9A1E7A4F7556}") = "DSRemapper.DirectInput", "DSRemapper.DirectInput\DSRemapper.DirectInput.csproj", "{2895B73A-D9B8-4A28-A94A-EF69C052C105}"
EndProject
Project("{9A19103F-16F7-4668-BE54-9A1E7A4F7556}") = "DSRemapper.ViGEm", "DSRemapper.ViGEm\DSRemapper.ViGEm.csproj", "{4B11A76A-36BF-4E96-A30D-C889171E6EEC}"
EndProject
Project("{9A19103F-16F7-4668-BE54-9A1E7A4F7556}") = "DSRemapper.VJoy", "DSRemapper.VJoy\DSRemapper.VJoy.csproj", "{1EB72CFA-0606-41D0-914D-CF75C9B5476F}"
EndProject
Project("{9A19103F-16F7-4668-BE54-9A1E7A4F7556}") = "DSRemapper.COMM", "DSRemapper.COMM\DSRemapper.COMM.csproj", "{A9CF3FAF-240D-41FC-A7D5-1977C17F0798}"
EndProject
Project("{9A19103F-16F7-4668-BE54-9A1E7A4F7556}") = "DSRemapper.MouseKeyboardInput", "DSRemapper.MouseKeyboardInput\DSRemapper.MouseKeyboardInput.csproj", "{BF42D3C1-6F40-4F22-8177-45936FC72395}"
EndProject
Project("{9A19103F-16F7-4668-BE54-9A1E7A4F7556}") = "DSRemapper.MouseKeyboardOutput", "DSRemapper.MouseKeyboardOutput\DSRemapper.MouseKeyboardOutput.csproj", "{B2907F3B-4A4E-4BFE-8D36-2C84F3D63F2C}"
EndProject
Project("{9A19103F-16F7-4668-BE54-9A1E7A4F7556}") = "DSRemapper.RemapperCore", "DSRemapper.RemapperCore\DSRemapper.RemapperCore.csproj", "{3806DD28-C268-4D32-BE68-4DC68019A160}"
EndProject
Project("{9A19103F-16F7-4668-BE54-9A1E7A4F7556}") = "DSRemapper.RemapperLua", "DSRemapper.RemapperLua\DSRemapper.RemapperLua.csproj", "{0093EBBA-BBEC-4A88-BAFF-8BDBC306AD0C}"
EndProject
Project("{9A19103F-16F7-4668-BE54-9A1E7A4F7556}") = "DSRemapper.ConfigManager", "DSRemapper.ConfigManager\DSRemapper.ConfigManager.csproj", "{D3AC0FA3-BB91-4E28-B37C-02ED48792467}"
EndProject
Project("{9A19103F-16F7-4668-BE54-9A1E7A4F7556}") = "DSRemapper", "DSRemapper\DSRemapper.csproj", "{6A470241-B1A9-4267-896D-CD3A1DED9CFD}"
EndProject
Project("{9A19103F-16F7-4668-BE54-9A1E7A4F7556}") = "DSMDDocsGenerator", "DSMDDocsGenerator\DSMDDocsGenerator.csproj", "{753E9799-E260-4EAC-8423-41DBE6B39850}"
EndProject
Project("{2150E333-8FDC-42A3-9474-1A3956D46DE8}") = "Elementos de la solución", "Elementos de la solución", "{0A2B918D-0A99-4252-BD40-9F46BF9A75E6}"
	ProjectSection(SolutionItems) = preProject
		ImportantChangelog.md = ImportantChangelog.md
	EndProjectSection
EndProject
Global
	GlobalSection(SolutionConfigurationPlatforms) = preSolution
		Debug|Any CPU = Debug|Any CPU
		Debug|x64 = Debug|x64
		Debug|x86 = Debug|x86
		Release|Any CPU = Release|Any CPU
		Release|x64 = Release|x64
		Release|x86 = Release|x86
		ReleaseTest|Any CPU = ReleaseTest|Any CPU
		ReleaseTest|x64 = ReleaseTest|x64
		ReleaseTest|x86 = ReleaseTest|x86
	EndGlobalSection
	GlobalSection(ProjectConfigurationPlatforms) = postSolution
		{0FB26A07-816A-4F1B-B905-14CE71148566}.Debug|Any CPU.ActiveCfg = Debug|Any CPU
		{0FB26A07-816A-4F1B-B905-14CE71148566}.Debug|Any CPU.Build.0 = Debug|Any CPU
		{0FB26A07-816A-4F1B-B905-14CE71148566}.Debug|x64.ActiveCfg = Debug|Any CPU
		{0FB26A07-816A-4F1B-B905-14CE71148566}.Debug|x64.Build.0 = Debug|Any CPU
		{0FB26A07-816A-4F1B-B905-14CE71148566}.Debug|x86.ActiveCfg = Debug|Any CPU
		{0FB26A07-816A-4F1B-B905-14CE71148566}.Debug|x86.Build.0 = Debug|Any CPU
		{0FB26A07-816A-4F1B-B905-14CE71148566}.Release|Any CPU.ActiveCfg = Release|Any CPU
		{0FB26A07-816A-4F1B-B905-14CE71148566}.Release|Any CPU.Build.0 = Release|Any CPU
		{0FB26A07-816A-4F1B-B905-14CE71148566}.Release|x64.ActiveCfg = Release|Any CPU
		{0FB26A07-816A-4F1B-B905-14CE71148566}.Release|x64.Build.0 = Release|Any CPU
		{0FB26A07-816A-4F1B-B905-14CE71148566}.Release|x86.ActiveCfg = Release|Any CPU
		{0FB26A07-816A-4F1B-B905-14CE71148566}.Release|x86.Build.0 = Release|Any CPU
		{0FB26A07-816A-4F1B-B905-14CE71148566}.ReleaseTest|Any CPU.ActiveCfg = Release|Any CPU
		{0FB26A07-816A-4F1B-B905-14CE71148566}.ReleaseTest|Any CPU.Build.0 = Release|Any CPU
		{0FB26A07-816A-4F1B-B905-14CE71148566}.ReleaseTest|x64.ActiveCfg = Release|Any CPU
		{0FB26A07-816A-4F1B-B905-14CE71148566}.ReleaseTest|x64.Build.0 = Release|Any CPU
		{0FB26A07-816A-4F1B-B905-14CE71148566}.ReleaseTest|x86.ActiveCfg = Release|Any CPU
		{0FB26A07-816A-4F1B-B905-14CE71148566}.ReleaseTest|x86.Build.0 = Release|Any CPU
		{A2EA0B39-0951-482F-9BEF-615FF17F0191}.Debug|Any CPU.ActiveCfg = Debug|Any CPU
		{A2EA0B39-0951-482F-9BEF-615FF17F0191}.Debug|Any CPU.Build.0 = Debug|Any CPU
		{A2EA0B39-0951-482F-9BEF-615FF17F0191}.Debug|x64.ActiveCfg = Debug|Any CPU
		{A2EA0B39-0951-482F-9BEF-615FF17F0191}.Debug|x64.Build.0 = Debug|Any CPU
		{A2EA0B39-0951-482F-9BEF-615FF17F0191}.Debug|x86.ActiveCfg = Debug|Any CPU
		{A2EA0B39-0951-482F-9BEF-615FF17F0191}.Debug|x86.Build.0 = Debug|Any CPU
		{A2EA0B39-0951-482F-9BEF-615FF17F0191}.Release|Any CPU.ActiveCfg = Release|Any CPU
		{A2EA0B39-0951-482F-9BEF-615FF17F0191}.Release|Any CPU.Build.0 = Release|Any CPU
		{A2EA0B39-0951-482F-9BEF-615FF17F0191}.Release|x64.ActiveCfg = Release|Any CPU
		{A2EA0B39-0951-482F-9BEF-615FF17F0191}.Release|x64.Build.0 = Release|Any CPU
		{A2EA0B39-0951-482F-9BEF-615FF17F0191}.Release|x86.ActiveCfg = Release|Any CPU
		{A2EA0B39-0951-482F-9BEF-615FF17F0191}.Release|x86.Build.0 = Release|Any CPU
		{A2EA0B39-0951-482F-9BEF-615FF17F0191}.ReleaseTest|Any CPU.ActiveCfg = Release|Any CPU
		{A2EA0B39-0951-482F-9BEF-615FF17F0191}.ReleaseTest|Any CPU.Build.0 = Release|Any CPU
		{A2EA0B39-0951-482F-9BEF-615FF17F0191}.ReleaseTest|x64.ActiveCfg = Release|Any CPU
		{A2EA0B39-0951-482F-9BEF-615FF17F0191}.ReleaseTest|x64.Build.0 = Release|Any CPU
		{A2EA0B39-0951-482F-9BEF-615FF17F0191}.ReleaseTest|x86.ActiveCfg = Release|Any CPU
		{A2EA0B39-0951-482F-9BEF-615FF17F0191}.ReleaseTest|x86.Build.0 = Release|Any CPU
		{39956A3B-3F4A-4E3A-B677-F47EEB255818}.Debug|Any CPU.ActiveCfg = Debug|Any CPU
		{39956A3B-3F4A-4E3A-B677-F47EEB255818}.Debug|Any CPU.Build.0 = Debug|Any CPU
		{39956A3B-3F4A-4E3A-B677-F47EEB255818}.Debug|x64.ActiveCfg = Debug|Any CPU
		{39956A3B-3F4A-4E3A-B677-F47EEB255818}.Debug|x64.Build.0 = Debug|Any CPU
		{39956A3B-3F4A-4E3A-B677-F47EEB255818}.Debug|x86.ActiveCfg = Debug|Any CPU
		{39956A3B-3F4A-4E3A-B677-F47EEB255818}.Debug|x86.Build.0 = Debug|Any CPU
		{39956A3B-3F4A-4E3A-B677-F47EEB255818}.Release|Any CPU.ActiveCfg = Release|Any CPU
		{39956A3B-3F4A-4E3A-B677-F47EEB255818}.Release|Any CPU.Build.0 = Release|Any CPU
		{39956A3B-3F4A-4E3A-B677-F47EEB255818}.Release|x64.ActiveCfg = Release|Any CPU
		{39956A3B-3F4A-4E3A-B677-F47EEB255818}.Release|x64.Build.0 = Release|Any CPU
		{39956A3B-3F4A-4E3A-B677-F47EEB255818}.Release|x86.ActiveCfg = Release|Any CPU
		{39956A3B-3F4A-4E3A-B677-F47EEB255818}.Release|x86.Build.0 = Release|Any CPU
		{39956A3B-3F4A-4E3A-B677-F47EEB255818}.ReleaseTest|Any CPU.ActiveCfg = Release|Any CPU
		{39956A3B-3F4A-4E3A-B677-F47EEB255818}.ReleaseTest|Any CPU.Build.0 = Release|Any CPU
		{39956A3B-3F4A-4E3A-B677-F47EEB255818}.ReleaseTest|x64.ActiveCfg = Release|Any CPU
		{39956A3B-3F4A-4E3A-B677-F47EEB255818}.ReleaseTest|x64.Build.0 = Release|Any CPU
		{39956A3B-3F4A-4E3A-B677-F47EEB255818}.ReleaseTest|x86.ActiveCfg = Release|Any CPU
		{39956A3B-3F4A-4E3A-B677-F47EEB255818}.ReleaseTest|x86.Build.0 = Release|Any CPU
		{26FC5DA6-51EA-44A6-BEF0-8BFBE2A74DEF}.Debug|Any CPU.ActiveCfg = Debug|Any CPU
		{26FC5DA6-51EA-44A6-BEF0-8BFBE2A74DEF}.Debug|Any CPU.Build.0 = Debug|Any CPU
		{26FC5DA6-51EA-44A6-BEF0-8BFBE2A74DEF}.Debug|x64.ActiveCfg = Debug|Any CPU
		{26FC5DA6-51EA-44A6-BEF0-8BFBE2A74DEF}.Debug|x64.Build.0 = Debug|Any CPU
		{26FC5DA6-51EA-44A6-BEF0-8BFBE2A74DEF}.Debug|x86.ActiveCfg = Debug|Any CPU
		{26FC5DA6-51EA-44A6-BEF0-8BFBE2A74DEF}.Debug|x86.Build.0 = Debug|Any CPU
		{26FC5DA6-51EA-44A6-BEF0-8BFBE2A74DEF}.Release|Any CPU.ActiveCfg = Release|Any CPU
		{26FC5DA6-51EA-44A6-BEF0-8BFBE2A74DEF}.Release|Any CPU.Build.0 = Release|Any CPU
		{26FC5DA6-51EA-44A6-BEF0-8BFBE2A74DEF}.Release|x64.ActiveCfg = Release|Any CPU
		{26FC5DA6-51EA-44A6-BEF0-8BFBE2A74DEF}.Release|x64.Build.0 = Release|Any CPU
		{26FC5DA6-51EA-44A6-BEF0-8BFBE2A74DEF}.Release|x86.ActiveCfg = Release|Any CPU
		{26FC5DA6-51EA-44A6-BEF0-8BFBE2A74DEF}.Release|x86.Build.0 = Release|Any CPU
		{26FC5DA6-51EA-44A6-BEF0-8BFBE2A74DEF}.ReleaseTest|Any CPU.ActiveCfg = Release|Any CPU
		{26FC5DA6-51EA-44A6-BEF0-8BFBE2A74DEF}.ReleaseTest|Any CPU.Build.0 = Release|Any CPU
		{26FC5DA6-51EA-44A6-BEF0-8BFBE2A74DEF}.ReleaseTest|x64.ActiveCfg = Release|Any CPU
		{26FC5DA6-51EA-44A6-BEF0-8BFBE2A74DEF}.ReleaseTest|x64.Build.0 = Release|Any CPU
		{26FC5DA6-51EA-44A6-BEF0-8BFBE2A74DEF}.ReleaseTest|x86.ActiveCfg = Release|Any CPU
		{26FC5DA6-51EA-44A6-BEF0-8BFBE2A74DEF}.ReleaseTest|x86.Build.0 = Release|Any CPU
		{2895B73A-D9B8-4A28-A94A-EF69C052C105}.Debug|Any CPU.ActiveCfg = Debug|Any CPU
		{2895B73A-D9B8-4A28-A94A-EF69C052C105}.Debug|Any CPU.Build.0 = Debug|Any CPU
		{2895B73A-D9B8-4A28-A94A-EF69C052C105}.Debug|x64.ActiveCfg = Debug|Any CPU
		{2895B73A-D9B8-4A28-A94A-EF69C052C105}.Debug|x64.Build.0 = Debug|Any CPU
		{2895B73A-D9B8-4A28-A94A-EF69C052C105}.Debug|x86.ActiveCfg = Debug|Any CPU
		{2895B73A-D9B8-4A28-A94A-EF69C052C105}.Debug|x86.Build.0 = Debug|Any CPU
		{2895B73A-D9B8-4A28-A94A-EF69C052C105}.Release|Any CPU.ActiveCfg = Release|Any CPU
		{2895B73A-D9B8-4A28-A94A-EF69C052C105}.Release|Any CPU.Build.0 = Release|Any CPU
		{2895B73A-D9B8-4A28-A94A-EF69C052C105}.Release|x64.ActiveCfg = Release|Any CPU
		{2895B73A-D9B8-4A28-A94A-EF69C052C105}.Release|x64.Build.0 = Release|Any CPU
		{2895B73A-D9B8-4A28-A94A-EF69C052C105}.Release|x86.ActiveCfg = Release|Any CPU
		{2895B73A-D9B8-4A28-A94A-EF69C052C105}.Release|x86.Build.0 = Release|Any CPU
		{2895B73A-D9B8-4A28-A94A-EF69C052C105}.ReleaseTest|Any CPU.ActiveCfg = Release|Any CPU
		{2895B73A-D9B8-4A28-A94A-EF69C052C105}.ReleaseTest|Any CPU.Build.0 = Release|Any CPU
		{2895B73A-D9B8-4A28-A94A-EF69C052C105}.ReleaseTest|x64.ActiveCfg = Release|Any CPU
		{2895B73A-D9B8-4A28-A94A-EF69C052C105}.ReleaseTest|x64.Build.0 = Release|Any CPU
		{2895B73A-D9B8-4A28-A94A-EF69C052C105}.ReleaseTest|x86.ActiveCfg = Release|Any CPU
		{2895B73A-D9B8-4A28-A94A-EF69C052C105}.ReleaseTest|x86.Build.0 = Release|Any CPU
		{4B11A76A-36BF-4E96-A30D-C889171E6EEC}.Debug|Any CPU.ActiveCfg = Debug|Any CPU
		{4B11A76A-36BF-4E96-A30D-C889171E6EEC}.Debug|Any CPU.Build.0 = Debug|Any CPU
		{4B11A76A-36BF-4E96-A30D-C889171E6EEC}.Debug|x64.ActiveCfg = Debug|Any CPU
		{4B11A76A-36BF-4E96-A30D-C889171E6EEC}.Debug|x64.Build.0 = Debug|Any CPU
		{4B11A76A-36BF-4E96-A30D-C889171E6EEC}.Debug|x86.ActiveCfg = Debug|Any CPU
		{4B11A76A-36BF-4E96-A30D-C889171E6EEC}.Debug|x86.Build.0 = Debug|Any CPU
		{4B11A76A-36BF-4E96-A30D-C889171E6EEC}.Release|Any CPU.ActiveCfg = Release|Any CPU
		{4B11A76A-36BF-4E96-A30D-C889171E6EEC}.Release|Any CPU.Build.0 = Release|Any CPU
		{4B11A76A-36BF-4E96-A30D-C889171E6EEC}.Release|x64.ActiveCfg = Release|Any CPU
		{4B11A76A-36BF-4E96-A30D-C889171E6EEC}.Release|x64.Build.0 = Release|Any CPU
		{4B11A76A-36BF-4E96-A30D-C889171E6EEC}.Release|x86.ActiveCfg = Release|Any CPU
		{4B11A76A-36BF-4E96-A30D-C889171E6EEC}.Release|x86.Build.0 = Release|Any CPU
		{4B11A76A-36BF-4E96-A30D-C889171E6EEC}.ReleaseTest|Any CPU.ActiveCfg = Release|Any CPU
		{4B11A76A-36BF-4E96-A30D-C889171E6EEC}.ReleaseTest|Any CPU.Build.0 = Release|Any CPU
		{4B11A76A-36BF-4E96-A30D-C889171E6EEC}.ReleaseTest|x64.ActiveCfg = Release|Any CPU
		{4B11A76A-36BF-4E96-A30D-C889171E6EEC}.ReleaseTest|x64.Build.0 = Release|Any CPU
		{4B11A76A-36BF-4E96-A30D-C889171E6EEC}.ReleaseTest|x86.ActiveCfg = Release|Any CPU
		{4B11A76A-36BF-4E96-A30D-C889171E6EEC}.ReleaseTest|x86.Build.0 = Release|Any CPU
		{1EB72CFA-0606-41D0-914D-CF75C9B5476F}.Debug|Any CPU.ActiveCfg = Debug|Any CPU
		{1EB72CFA-0606-41D0-914D-CF75C9B5476F}.Debug|Any CPU.Build.0 = Debug|Any CPU
		{1EB72CFA-0606-41D0-914D-CF75C9B5476F}.Debug|x64.ActiveCfg = Debug|Any CPU
		{1EB72CFA-0606-41D0-914D-CF75C9B5476F}.Debug|x64.Build.0 = Debug|Any CPU
		{1EB72CFA-0606-41D0-914D-CF75C9B5476F}.Debug|x86.ActiveCfg = Debug|Any CPU
		{1EB72CFA-0606-41D0-914D-CF75C9B5476F}.Debug|x86.Build.0 = Debug|Any CPU
		{1EB72CFA-0606-41D0-914D-CF75C9B5476F}.Release|Any CPU.ActiveCfg = Release|Any CPU
		{1EB72CFA-0606-41D0-914D-CF75C9B5476F}.Release|Any CPU.Build.0 = Release|Any CPU
		{1EB72CFA-0606-41D0-914D-CF75C9B5476F}.Release|x64.ActiveCfg = Release|Any CPU
		{1EB72CFA-0606-41D0-914D-CF75C9B5476F}.Release|x64.Build.0 = Release|Any CPU
		{1EB72CFA-0606-41D0-914D-CF75C9B5476F}.Release|x86.ActiveCfg = Release|Any CPU
		{1EB72CFA-0606-41D0-914D-CF75C9B5476F}.Release|x86.Build.0 = Release|Any CPU
		{1EB72CFA-0606-41D0-914D-CF75C9B5476F}.ReleaseTest|Any CPU.ActiveCfg = Release|Any CPU
		{1EB72CFA-0606-41D0-914D-CF75C9B5476F}.ReleaseTest|Any CPU.Build.0 = Release|Any CPU
		{1EB72CFA-0606-41D0-914D-CF75C9B5476F}.ReleaseTest|x64.ActiveCfg = Release|Any CPU
		{1EB72CFA-0606-41D0-914D-CF75C9B5476F}.ReleaseTest|x64.Build.0 = Release|Any CPU
		{1EB72CFA-0606-41D0-914D-CF75C9B5476F}.ReleaseTest|x86.ActiveCfg = Release|Any CPU
		{1EB72CFA-0606-41D0-914D-CF75C9B5476F}.ReleaseTest|x86.Build.0 = Release|Any CPU
		{A9CF3FAF-240D-41FC-A7D5-1977C17F0798}.Debug|Any CPU.ActiveCfg = Debug|Any CPU
		{A9CF3FAF-240D-41FC-A7D5-1977C17F0798}.Debug|Any CPU.Build.0 = Debug|Any CPU
		{A9CF3FAF-240D-41FC-A7D5-1977C17F0798}.Debug|x64.ActiveCfg = Debug|Any CPU
		{A9CF3FAF-240D-41FC-A7D5-1977C17F0798}.Debug|x64.Build.0 = Debug|Any CPU
		{A9CF3FAF-240D-41FC-A7D5-1977C17F0798}.Debug|x86.ActiveCfg = Debug|Any CPU
		{A9CF3FAF-240D-41FC-A7D5-1977C17F0798}.Debug|x86.Build.0 = Debug|Any CPU
		{A9CF3FAF-240D-41FC-A7D5-1977C17F0798}.Release|Any CPU.ActiveCfg = Release|Any CPU
		{A9CF3FAF-240D-41FC-A7D5-1977C17F0798}.Release|Any CPU.Build.0 = Release|Any CPU
		{A9CF3FAF-240D-41FC-A7D5-1977C17F0798}.Release|x64.ActiveCfg = Release|Any CPU
		{A9CF3FAF-240D-41FC-A7D5-1977C17F0798}.Release|x64.Build.0 = Release|Any CPU
		{A9CF3FAF-240D-41FC-A7D5-1977C17F0798}.Release|x86.ActiveCfg = Release|Any CPU
		{A9CF3FAF-240D-41FC-A7D5-1977C17F0798}.Release|x86.Build.0 = Release|Any CPU
		{A9CF3FAF-240D-41FC-A7D5-1977C17F0798}.ReleaseTest|Any CPU.ActiveCfg = Release|Any CPU
		{A9CF3FAF-240D-41FC-A7D5-1977C17F0798}.ReleaseTest|Any CPU.Build.0 = Release|Any CPU
		{A9CF3FAF-240D-41FC-A7D5-1977C17F0798}.ReleaseTest|x64.ActiveCfg = Release|Any CPU
		{A9CF3FAF-240D-41FC-A7D5-1977C17F0798}.ReleaseTest|x64.Build.0 = Release|Any CPU
		{A9CF3FAF-240D-41FC-A7D5-1977C17F0798}.ReleaseTest|x86.ActiveCfg = Release|Any CPU
		{A9CF3FAF-240D-41FC-A7D5-1977C17F0798}.ReleaseTest|x86.Build.0 = Release|Any CPU
		{BF42D3C1-6F40-4F22-8177-45936FC72395}.Debug|Any CPU.ActiveCfg = Debug|Any CPU
		{BF42D3C1-6F40-4F22-8177-45936FC72395}.Debug|Any CPU.Build.0 = Debug|Any CPU
		{BF42D3C1-6F40-4F22-8177-45936FC72395}.Debug|x64.ActiveCfg = Debug|Any CPU
		{BF42D3C1-6F40-4F22-8177-45936FC72395}.Debug|x64.Build.0 = Debug|Any CPU
		{BF42D3C1-6F40-4F22-8177-45936FC72395}.Debug|x86.ActiveCfg = Debug|Any CPU
		{BF42D3C1-6F40-4F22-8177-45936FC72395}.Debug|x86.Build.0 = Debug|Any CPU
		{BF42D3C1-6F40-4F22-8177-45936FC72395}.Release|Any CPU.ActiveCfg = Release|Any CPU
		{BF42D3C1-6F40-4F22-8177-45936FC72395}.Release|Any CPU.Build.0 = Release|Any CPU
		{BF42D3C1-6F40-4F22-8177-45936FC72395}.Release|x64.ActiveCfg = Release|Any CPU
		{BF42D3C1-6F40-4F22-8177-45936FC72395}.Release|x64.Build.0 = Release|Any CPU
		{BF42D3C1-6F40-4F22-8177-45936FC72395}.Release|x86.ActiveCfg = Release|Any CPU
		{BF42D3C1-6F40-4F22-8177-45936FC72395}.Release|x86.Build.0 = Release|Any CPU
		{BF42D3C1-6F40-4F22-8177-45936FC72395}.ReleaseTest|Any CPU.ActiveCfg = Release|Any CPU
		{BF42D3C1-6F40-4F22-8177-45936FC72395}.ReleaseTest|Any CPU.Build.0 = Release|Any CPU
		{BF42D3C1-6F40-4F22-8177-45936FC72395}.ReleaseTest|x64.ActiveCfg = Release|Any CPU
		{BF42D3C1-6F40-4F22-8177-45936FC72395}.ReleaseTest|x64.Build.0 = Release|Any CPU
		{BF42D3C1-6F40-4F22-8177-45936FC72395}.ReleaseTest|x86.ActiveCfg = Release|Any CPU
		{BF42D3C1-6F40-4F22-8177-45936FC72395}.ReleaseTest|x86.Build.0 = Release|Any CPU
		{B2907F3B-4A4E-4BFE-8D36-2C84F3D63F2C}.Debug|Any CPU.ActiveCfg = Debug|Any CPU
		{B2907F3B-4A4E-4BFE-8D36-2C84F3D63F2C}.Debug|Any CPU.Build.0 = Debug|Any CPU
		{B2907F3B-4A4E-4BFE-8D36-2C84F3D63F2C}.Debug|x64.ActiveCfg = Debug|Any CPU
		{B2907F3B-4A4E-4BFE-8D36-2C84F3D63F2C}.Debug|x64.Build.0 = Debug|Any CPU
		{B2907F3B-4A4E-4BFE-8D36-2C84F3D63F2C}.Debug|x86.ActiveCfg = Debug|Any CPU
		{B2907F3B-4A4E-4BFE-8D36-2C84F3D63F2C}.Debug|x86.Build.0 = Debug|Any CPU
		{B2907F3B-4A4E-4BFE-8D36-2C84F3D63F2C}.Release|Any CPU.ActiveCfg = Release|Any CPU
		{B2907F3B-4A4E-4BFE-8D36-2C84F3D63F2C}.Release|Any CPU.Build.0 = Release|Any CPU
		{B2907F3B-4A4E-4BFE-8D36-2C84F3D63F2C}.Release|x64.ActiveCfg = Release|Any CPU
		{B2907F3B-4A4E-4BFE-8D36-2C84F3D63F2C}.Release|x64.Build.0 = Release|Any CPU
		{B2907F3B-4A4E-4BFE-8D36-2C84F3D63F2C}.Release|x86.ActiveCfg = Release|Any CPU
		{B2907F3B-4A4E-4BFE-8D36-2C84F3D63F2C}.Release|x86.Build.0 = Release|Any CPU
		{B2907F3B-4A4E-4BFE-8D36-2C84F3D63F2C}.ReleaseTest|Any CPU.ActiveCfg = Release|Any CPU
		{B2907F3B-4A4E-4BFE-8D36-2C84F3D63F2C}.ReleaseTest|Any CPU.Build.0 = Release|Any CPU
		{B2907F3B-4A4E-4BFE-8D36-2C84F3D63F2C}.ReleaseTest|x64.ActiveCfg = Release|Any CPU
		{B2907F3B-4A4E-4BFE-8D36-2C84F3D63F2C}.ReleaseTest|x64.Build.0 = Release|Any CPU
		{B2907F3B-4A4E-4BFE-8D36-2C84F3D63F2C}.ReleaseTest|x86.ActiveCfg = Release|Any CPU
		{B2907F3B-4A4E-4BFE-8D36-2C84F3D63F2C}.ReleaseTest|x86.Build.0 = Release|Any CPU
		{3806DD28-C268-4D32-BE68-4DC68019A160}.Debug|Any CPU.ActiveCfg = Debug|Any CPU
		{3806DD28-C268-4D32-BE68-4DC68019A160}.Debug|Any CPU.Build.0 = Debug|Any CPU
		{3806DD28-C268-4D32-BE68-4DC68019A160}.Debug|x64.ActiveCfg = Debug|Any CPU
		{3806DD28-C268-4D32-BE68-4DC68019A160}.Debug|x64.Build.0 = Debug|Any CPU
		{3806DD28-C268-4D32-BE68-4DC68019A160}.Debug|x86.ActiveCfg = Debug|Any CPU
		{3806DD28-C268-4D32-BE68-4DC68019A160}.Debug|x86.Build.0 = Debug|Any CPU
		{3806DD28-C268-4D32-BE68-4DC68019A160}.Release|Any CPU.ActiveCfg = Release|Any CPU
		{3806DD28-C268-4D32-BE68-4DC68019A160}.Release|Any CPU.Build.0 = Release|Any CPU
		{3806DD28-C268-4D32-BE68-4DC68019A160}.Release|x64.ActiveCfg = Release|Any CPU
		{3806DD28-C268-4D32-BE68-4DC68019A160}.Release|x64.Build.0 = Release|Any CPU
		{3806DD28-C268-4D32-BE68-4DC68019A160}.Release|x86.ActiveCfg = Release|Any CPU
		{3806DD28-C268-4D32-BE68-4DC68019A160}.Release|x86.Build.0 = Release|Any CPU
		{3806DD28-C268-4D32-BE68-4DC68019A160}.ReleaseTest|Any CPU.ActiveCfg = Release|Any CPU
		{3806DD28-C268-4D32-BE68-4DC68019A160}.ReleaseTest|Any CPU.Build.0 = Release|Any CPU
		{3806DD28-C268-4D32-BE68-4DC68019A160}.ReleaseTest|x64.ActiveCfg = Release|Any CPU
		{3806DD28-C268-4D32-BE68-4DC68019A160}.ReleaseTest|x64.Build.0 = Release|Any CPU
		{3806DD28-C268-4D32-BE68-4DC68019A160}.ReleaseTest|x86.ActiveCfg = Release|Any CPU
		{3806DD28-C268-4D32-BE68-4DC68019A160}.ReleaseTest|x86.Build.0 = Release|Any CPU
		{0093EBBA-BBEC-4A88-BAFF-8BDBC306AD0C}.Debug|Any CPU.ActiveCfg = Debug|Any CPU
		{0093EBBA-BBEC-4A88-BAFF-8BDBC306AD0C}.Debug|Any CPU.Build.0 = Debug|Any CPU
		{0093EBBA-BBEC-4A88-BAFF-8BDBC306AD0C}.Debug|x64.ActiveCfg = Debug|Any CPU
		{0093EBBA-BBEC-4A88-BAFF-8BDBC306AD0C}.Debug|x64.Build.0 = Debug|Any CPU
		{0093EBBA-BBEC-4A88-BAFF-8BDBC306AD0C}.Debug|x86.ActiveCfg = Debug|Any CPU
		{0093EBBA-BBEC-4A88-BAFF-8BDBC306AD0C}.Debug|x86.Build.0 = Debug|Any CPU
		{0093EBBA-BBEC-4A88-BAFF-8BDBC306AD0C}.Release|Any CPU.ActiveCfg = Release|Any CPU
		{0093EBBA-BBEC-4A88-BAFF-8BDBC306AD0C}.Release|Any CPU.Build.0 = Release|Any CPU
		{0093EBBA-BBEC-4A88-BAFF-8BDBC306AD0C}.Release|x64.ActiveCfg = Release|Any CPU
		{0093EBBA-BBEC-4A88-BAFF-8BDBC306AD0C}.Release|x64.Build.0 = Release|Any CPU
		{0093EBBA-BBEC-4A88-BAFF-8BDBC306AD0C}.Release|x86.ActiveCfg = Release|Any CPU
		{0093EBBA-BBEC-4A88-BAFF-8BDBC306AD0C}.Release|x86.Build.0 = Release|Any CPU
		{0093EBBA-BBEC-4A88-BAFF-8BDBC306AD0C}.ReleaseTest|Any CPU.ActiveCfg = Release|Any CPU
		{0093EBBA-BBEC-4A88-BAFF-8BDBC306AD0C}.ReleaseTest|Any CPU.Build.0 = Release|Any CPU
		{0093EBBA-BBEC-4A88-BAFF-8BDBC306AD0C}.ReleaseTest|x64.ActiveCfg = Release|Any CPU
		{0093EBBA-BBEC-4A88-BAFF-8BDBC306AD0C}.ReleaseTest|x64.Build.0 = Release|Any CPU
		{0093EBBA-BBEC-4A88-BAFF-8BDBC306AD0C}.ReleaseTest|x86.ActiveCfg = Release|Any CPU
		{0093EBBA-BBEC-4A88-BAFF-8BDBC306AD0C}.ReleaseTest|x86.Build.0 = Release|Any CPU
		{D3AC0FA3-BB91-4E28-B37C-02ED48792467}.Debug|Any CPU.ActiveCfg = Debug|Any CPU
		{D3AC0FA3-BB91-4E28-B37C-02ED48792467}.Debug|Any CPU.Build.0 = Debug|Any CPU
		{D3AC0FA3-BB91-4E28-B37C-02ED48792467}.Debug|x64.ActiveCfg = Debug|Any CPU
		{D3AC0FA3-BB91-4E28-B37C-02ED48792467}.Debug|x64.Build.0 = Debug|Any CPU
		{D3AC0FA3-BB91-4E28-B37C-02ED48792467}.Debug|x86.ActiveCfg = Debug|Any CPU
		{D3AC0FA3-BB91-4E28-B37C-02ED48792467}.Debug|x86.Build.0 = Debug|Any CPU
		{D3AC0FA3-BB91-4E28-B37C-02ED48792467}.Release|Any CPU.ActiveCfg = Release|Any CPU
		{D3AC0FA3-BB91-4E28-B37C-02ED48792467}.Release|Any CPU.Build.0 = Release|Any CPU
		{D3AC0FA3-BB91-4E28-B37C-02ED48792467}.Release|x64.ActiveCfg = Release|Any CPU
		{D3AC0FA3-BB91-4E28-B37C-02ED48792467}.Release|x64.Build.0 = Release|Any CPU
		{D3AC0FA3-BB91-4E28-B37C-02ED48792467}.Release|x86.ActiveCfg = Release|Any CPU
		{D3AC0FA3-BB91-4E28-B37C-02ED48792467}.Release|x86.Build.0 = Release|Any CPU
		{D3AC0FA3-BB91-4E28-B37C-02ED48792467}.ReleaseTest|Any CPU.ActiveCfg = Release|Any CPU
		{D3AC0FA3-BB91-4E28-B37C-02ED48792467}.ReleaseTest|Any CPU.Build.0 = Release|Any CPU
		{D3AC0FA3-BB91-4E28-B37C-02ED48792467}.ReleaseTest|x64.ActiveCfg = Release|Any CPU
		{D3AC0FA3-BB91-4E28-B37C-02ED48792467}.ReleaseTest|x64.Build.0 = Release|Any CPU
		{D3AC0FA3-BB91-4E28-B37C-02ED48792467}.ReleaseTest|x86.ActiveCfg = Release|Any CPU
		{D3AC0FA3-BB91-4E28-B37C-02ED48792467}.ReleaseTest|x86.Build.0 = Release|Any CPU
		{6A470241-B1A9-4267-896D-CD3A1DED9CFD}.Debug|Any CPU.ActiveCfg = Debug|Any CPU
		{6A470241-B1A9-4267-896D-CD3A1DED9CFD}.Debug|Any CPU.Build.0 = Debug|Any CPU
		{6A470241-B1A9-4267-896D-CD3A1DED9CFD}.Debug|x64.ActiveCfg = Debug|Any CPU
		{6A470241-B1A9-4267-896D-CD3A1DED9CFD}.Debug|x64.Build.0 = Debug|Any CPU
		{6A470241-B1A9-4267-896D-CD3A1DED9CFD}.Debug|x86.ActiveCfg = Debug|Any CPU
		{6A470241-B1A9-4267-896D-CD3A1DED9CFD}.Debug|x86.Build.0 = Debug|Any CPU
		{6A470241-B1A9-4267-896D-CD3A1DED9CFD}.Release|Any CPU.ActiveCfg = Release|Any CPU
		{6A470241-B1A9-4267-896D-CD3A1DED9CFD}.Release|Any CPU.Build.0 = Release|Any CPU
		{6A470241-B1A9-4267-896D-CD3A1DED9CFD}.Release|x64.ActiveCfg = Release|Any CPU
		{6A470241-B1A9-4267-896D-CD3A1DED9CFD}.Release|x64.Build.0 = Release|Any CPU
		{6A470241-B1A9-4267-896D-CD3A1DED9CFD}.Release|x86.ActiveCfg = Release|Any CPU
		{6A470241-B1A9-4267-896D-CD3A1DED9CFD}.Release|x86.Build.0 = Release|Any CPU
		{6A470241-B1A9-4267-896D-CD3A1DED9CFD}.ReleaseTest|Any CPU.ActiveCfg = Release|Any CPU
		{6A470241-B1A9-4267-896D-CD3A1DED9CFD}.ReleaseTest|Any CPU.Build.0 = Release|Any CPU
		{6A470241-B1A9-4267-896D-CD3A1DED9CFD}.ReleaseTest|x64.ActiveCfg = Release|Any CPU
		{6A470241-B1A9-4267-896D-CD3A1DED9CFD}.ReleaseTest|x64.Build.0 = Release|Any CPU
		{6A470241-B1A9-4267-896D-CD3A1DED9CFD}.ReleaseTest|x86.ActiveCfg = Release|Any CPU
		{6A470241-B1A9-4267-896D-CD3A1DED9CFD}.ReleaseTest|x86.Build.0 = Release|Any CPU
		{753E9799-E260-4EAC-8423-41DBE6B39850}.Debug|Any CPU.ActiveCfg = Debug|Any CPU
		{753E9799-E260-4EAC-8423-41DBE6B39850}.Debug|Any CPU.Build.0 = Debug|Any CPU
		{753E9799-E260-4EAC-8423-41DBE6B39850}.Debug|x64.ActiveCfg = Debug|Any CPU
		{753E9799-E260-4EAC-8423-41DBE6B39850}.Debug|x64.Build.0 = Debug|Any CPU
		{753E9799-E260-4EAC-8423-41DBE6B39850}.Debug|x86.ActiveCfg = Debug|Any CPU
		{753E9799-E260-4EAC-8423-41DBE6B39850}.Debug|x86.Build.0 = Debug|Any CPU
		{753E9799-E260-4EAC-8423-41DBE6B39850}.Release|Any CPU.ActiveCfg = Release|Any CPU
		{753E9799-E260-4EAC-8423-41DBE6B39850}.Release|Any CPU.Build.0 = Release|Any CPU
		{753E9799-E260-4EAC-8423-41DBE6B39850}.Release|x64.ActiveCfg = Release|Any CPU
		{753E9799-E260-4EAC-8423-41DBE6B39850}.Release|x64.Build.0 = Release|Any CPU
		{753E9799-E260-4EAC-8423-41DBE6B39850}.Release|x86.ActiveCfg = Release|Any CPU
		{753E9799-E260-4EAC-8423-41DBE6B39850}.Release|x86.Build.0 = Release|Any CPU
		{753E9799-E260-4EAC-8423-41DBE6B39850}.ReleaseTest|Any CPU.ActiveCfg = Release|Any CPU
		{753E9799-E260-4EAC-8423-41DBE6B39850}.ReleaseTest|Any CPU.Build.0 = Release|Any CPU
		{753E9799-E260-4EAC-8423-41DBE6B39850}.ReleaseTest|x64.ActiveCfg = Release|Any CPU
		{753E9799-E260-4EAC-8423-41DBE6B39850}.ReleaseTest|x64.Build.0 = Release|Any CPU
		{753E9799-E260-4EAC-8423-41DBE6B39850}.ReleaseTest|x86.ActiveCfg = Release|Any CPU
		{753E9799-E260-4EAC-8423-41DBE6B39850}.ReleaseTest|x86.Build.0 = Release|Any CPU
	EndGlobalSection
	GlobalSection(SolutionProperties) = preSolution
		HideSolutionNode = FALSE
	EndGlobalSection
	GlobalSection(ExtensibilityGlobals) = postSolution
		SolutionGuid = {6D7B64B0-2497-420C-A03F-61DE1CBE104F}
	EndGlobalSection
EndGlobal
